// !$*UTF8*$!
{
	archiveVersion = 1;
	classes = {
	};
	objectVersion = 50;
	objects = {

/* Begin PBXBuildFile section */
		1A1319052428552900C7133D /* Recipe.swift in Sources */ = {isa = PBXBuildFile; fileRef = 1A1319042428552900C7133D /* Recipe.swift */; };
		1A1319072428562300C7133D /* Ingredient.swift in Sources */ = {isa = PBXBuildFile; fileRef = 1A1319062428562300C7133D /* Ingredient.swift */; };
		1A1319092428584100C7133D /* Direction.swift in Sources */ = {isa = PBXBuildFile; fileRef = 1A1319082428584100C7133D /* Direction.swift */; };
		1A13190B2428595900C7133D /* Unit.swift in Sources */ = {isa = PBXBuildFile; fileRef = 1A13190A2428595900C7133D /* Unit.swift */; };
		1A13190F24286C9E00C7133D /* IngredientMeasurement.swift in Sources */ = {isa = PBXBuildFile; fileRef = 1A13190E24286C9E00C7133D /* IngredientMeasurement.swift */; };
		1A363FFD24284FC900705673 /* AppDelegate.swift in Sources */ = {isa = PBXBuildFile; fileRef = 1A363FFC24284FC900705673 /* AppDelegate.swift */; };
		1A363FFF24284FC900705673 /* SceneDelegate.swift in Sources */ = {isa = PBXBuildFile; fileRef = 1A363FFE24284FC900705673 /* SceneDelegate.swift */; };
		1A36400224284FC900705673 /* FamilyRecipes.xcdatamodeld in Sources */ = {isa = PBXBuildFile; fileRef = 1A36400024284FC900705673 /* FamilyRecipes.xcdatamodeld */; };
		1A36400424284FC900705673 /* ContentView.swift in Sources */ = {isa = PBXBuildFile; fileRef = 1A36400324284FC900705673 /* ContentView.swift */; };
		1A36400624284FCC00705673 /* Assets.xcassets in Resources */ = {isa = PBXBuildFile; fileRef = 1A36400524284FCC00705673 /* Assets.xcassets */; };
		1A36400924284FCC00705673 /* Preview Assets.xcassets in Resources */ = {isa = PBXBuildFile; fileRef = 1A36400824284FCC00705673 /* Preview Assets.xcassets */; };
		1A36400C24284FCC00705673 /* LaunchScreen.storyboard in Resources */ = {isa = PBXBuildFile; fileRef = 1A36400A24284FCC00705673 /* LaunchScreen.storyboard */; };
		1A36401724284FCD00705673 /* FamilyRecipesTests.swift in Sources */ = {isa = PBXBuildFile; fileRef = 1A36401624284FCD00705673 /* FamilyRecipesTests.swift */; };
		1A36402224284FCD00705673 /* FamilyRecipesUITests.swift in Sources */ = {isa = PBXBuildFile; fileRef = 1A36402124284FCD00705673 /* FamilyRecipesUITests.swift */; };
		1AAE2962242874E100D696E8 /* RecipeView.swift in Sources */ = {isa = PBXBuildFile; fileRef = 1AAE2961242874E100D696E8 /* RecipeView.swift */; };
		1AAE29642429345300D696E8 /* RecipeListView.swift in Sources */ = {isa = PBXBuildFile; fileRef = 1AAE29632429345300D696E8 /* RecipeListView.swift */; };
		1AAE2967242942E000D696E8 /* RecipesListViewModel.swift in Sources */ = {isa = PBXBuildFile; fileRef = 1AAE2966242942E000D696E8 /* RecipesListViewModel.swift */; };
		1AAE296B2429B0EE00D696E8 /* DirectionListView.swift in Sources */ = {isa = PBXBuildFile; fileRef = 1AAE296A2429B0EE00D696E8 /* DirectionListView.swift */; };
		1AAE296D2429B10100D696E8 /* DirectionView.swift in Sources */ = {isa = PBXBuildFile; fileRef = 1AAE296C2429B10100D696E8 /* DirectionView.swift */; };
		1AAE296F2429B1FC00D696E8 /* DirectionViewModel.swift in Sources */ = {isa = PBXBuildFile; fileRef = 1AAE296E2429B1FC00D696E8 /* DirectionViewModel.swift */; };
		1AAE29752429C7FB00D696E8 /* IngredientListView.swift in Sources */ = {isa = PBXBuildFile; fileRef = 1AAE29742429C7FB00D696E8 /* IngredientListView.swift */; };
		1AAE29772429CBDE00D696E8 /* IngredientViewModel.swift in Sources */ = {isa = PBXBuildFile; fileRef = 1AAE29762429CBDE00D696E8 /* IngredientViewModel.swift */; };
/* End PBXBuildFile section */

/* Begin PBXContainerItemProxy section */
		1A36401324284FCD00705673 /* PBXContainerItemProxy */ = {
			isa = PBXContainerItemProxy;
			containerPortal = 1A363FF124284FC900705673 /* Project object */;
			proxyType = 1;
			remoteGlobalIDString = 1A363FF824284FC900705673;
			remoteInfo = FamilyRecipes;
		};
		1A36401E24284FCD00705673 /* PBXContainerItemProxy */ = {
			isa = PBXContainerItemProxy;
			containerPortal = 1A363FF124284FC900705673 /* Project object */;
			proxyType = 1;
			remoteGlobalIDString = 1A363FF824284FC900705673;
			remoteInfo = FamilyRecipes;
		};
/* End PBXContainerItemProxy section */

/* Begin PBXFileReference section */
		1A1319042428552900C7133D /* Recipe.swift */ = {isa = PBXFileReference; lastKnownFileType = sourcecode.swift; path = Recipe.swift; sourceTree = "<group>"; };
		1A1319062428562300C7133D /* Ingredient.swift */ = {isa = PBXFileReference; lastKnownFileType = sourcecode.swift; path = Ingredient.swift; sourceTree = "<group>"; };
		1A1319082428584100C7133D /* Direction.swift */ = {isa = PBXFileReference; lastKnownFileType = sourcecode.swift; path = Direction.swift; sourceTree = "<group>"; };
		1A13190A2428595900C7133D /* Unit.swift */ = {isa = PBXFileReference; lastKnownFileType = sourcecode.swift; path = Unit.swift; sourceTree = "<group>"; };
		1A13190E24286C9E00C7133D /* IngredientMeasurement.swift */ = {isa = PBXFileReference; lastKnownFileType = sourcecode.swift; path = IngredientMeasurement.swift; sourceTree = "<group>"; };
		1A363FF924284FC900705673 /* FamilyRecipes.app */ = {isa = PBXFileReference; explicitFileType = wrapper.application; includeInIndex = 0; path = FamilyRecipes.app; sourceTree = BUILT_PRODUCTS_DIR; };
		1A363FFC24284FC900705673 /* AppDelegate.swift */ = {isa = PBXFileReference; lastKnownFileType = sourcecode.swift; path = AppDelegate.swift; sourceTree = "<group>"; };
		1A363FFE24284FC900705673 /* SceneDelegate.swift */ = {isa = PBXFileReference; lastKnownFileType = sourcecode.swift; path = SceneDelegate.swift; sourceTree = "<group>"; };
		1A36400124284FC900705673 /* FamilyRecipes.xcdatamodel */ = {isa = PBXFileReference; lastKnownFileType = wrapper.xcdatamodel; path = FamilyRecipes.xcdatamodel; sourceTree = "<group>"; };
		1A36400324284FC900705673 /* ContentView.swift */ = {isa = PBXFileReference; lastKnownFileType = sourcecode.swift; path = ContentView.swift; sourceTree = "<group>"; };
		1A36400524284FCC00705673 /* Assets.xcassets */ = {isa = PBXFileReference; lastKnownFileType = folder.assetcatalog; path = Assets.xcassets; sourceTree = "<group>"; };
		1A36400824284FCC00705673 /* Preview Assets.xcassets */ = {isa = PBXFileReference; lastKnownFileType = folder.assetcatalog; path = "Preview Assets.xcassets"; sourceTree = "<group>"; };
		1A36400B24284FCC00705673 /* Base */ = {isa = PBXFileReference; lastKnownFileType = file.storyboard; name = Base; path = Base.lproj/LaunchScreen.storyboard; sourceTree = "<group>"; };
		1A36400D24284FCC00705673 /* Info.plist */ = {isa = PBXFileReference; lastKnownFileType = text.plist.xml; path = Info.plist; sourceTree = "<group>"; };
		1A36401224284FCD00705673 /* FamilyRecipesTests.xctest */ = {isa = PBXFileReference; explicitFileType = wrapper.cfbundle; includeInIndex = 0; path = FamilyRecipesTests.xctest; sourceTree = BUILT_PRODUCTS_DIR; };
		1A36401624284FCD00705673 /* FamilyRecipesTests.swift */ = {isa = PBXFileReference; lastKnownFileType = sourcecode.swift; path = FamilyRecipesTests.swift; sourceTree = "<group>"; };
		1A36401824284FCD00705673 /* Info.plist */ = {isa = PBXFileReference; lastKnownFileType = text.plist.xml; path = Info.plist; sourceTree = "<group>"; };
		1A36401D24284FCD00705673 /* FamilyRecipesUITests.xctest */ = {isa = PBXFileReference; explicitFileType = wrapper.cfbundle; includeInIndex = 0; path = FamilyRecipesUITests.xctest; sourceTree = BUILT_PRODUCTS_DIR; };
		1A36402124284FCD00705673 /* FamilyRecipesUITests.swift */ = {isa = PBXFileReference; lastKnownFileType = sourcecode.swift; path = FamilyRecipesUITests.swift; sourceTree = "<group>"; };
		1A36402324284FCD00705673 /* Info.plist */ = {isa = PBXFileReference; lastKnownFileType = text.plist.xml; path = Info.plist; sourceTree = "<group>"; };
		1AAE2961242874E100D696E8 /* RecipeView.swift */ = {isa = PBXFileReference; lastKnownFileType = sourcecode.swift; path = RecipeView.swift; sourceTree = "<group>"; };
		1AAE29632429345300D696E8 /* RecipeListView.swift */ = {isa = PBXFileReference; lastKnownFileType = sourcecode.swift; path = RecipeListView.swift; sourceTree = "<group>"; };
		1AAE2966242942E000D696E8 /* RecipesListViewModel.swift */ = {isa = PBXFileReference; lastKnownFileType = sourcecode.swift; path = RecipesListViewModel.swift; sourceTree = "<group>"; };
		1AAE296A2429B0EE00D696E8 /* DirectionListView.swift */ = {isa = PBXFileReference; lastKnownFileType = sourcecode.swift; path = DirectionListView.swift; sourceTree = "<group>"; };
		1AAE296C2429B10100D696E8 /* DirectionView.swift */ = {isa = PBXFileReference; lastKnownFileType = sourcecode.swift; path = DirectionView.swift; sourceTree = "<group>"; };
		1AAE296E2429B1FC00D696E8 /* DirectionViewModel.swift */ = {isa = PBXFileReference; lastKnownFileType = sourcecode.swift; path = DirectionViewModel.swift; sourceTree = "<group>"; };
		1AAE29742429C7FB00D696E8 /* IngredientListView.swift */ = {isa = PBXFileReference; lastKnownFileType = sourcecode.swift; path = IngredientListView.swift; sourceTree = "<group>"; };
		1AAE29762429CBDE00D696E8 /* IngredientViewModel.swift */ = {isa = PBXFileReference; lastKnownFileType = sourcecode.swift; path = IngredientViewModel.swift; sourceTree = "<group>"; };
/* End PBXFileReference section */

/* Begin PBXFrameworksBuildPhase section */
		1A363FF624284FC900705673 /* Frameworks */ = {
			isa = PBXFrameworksBuildPhase;
			buildActionMask = 2147483647;
			files = (
			);
			runOnlyForDeploymentPostprocessing = 0;
		};
		1A36400F24284FCD00705673 /* Frameworks */ = {
			isa = PBXFrameworksBuildPhase;
			buildActionMask = 2147483647;
			files = (
			);
			runOnlyForDeploymentPostprocessing = 0;
		};
		1A36401A24284FCD00705673 /* Frameworks */ = {
			isa = PBXFrameworksBuildPhase;
			buildActionMask = 2147483647;
			files = (
			);
			runOnlyForDeploymentPostprocessing = 0;
		};
/* End PBXFrameworksBuildPhase section */

/* Begin PBXGroup section */
		1A1319012428541E00C7133D /* Models */ = {
			isa = PBXGroup;
			children = (
				1A1319042428552900C7133D /* Recipe.swift */,
				1A1319062428562300C7133D /* Ingredient.swift */,
				1A1319082428584100C7133D /* Direction.swift */,
				1A13190A2428595900C7133D /* Unit.swift */,
				1A13190E24286C9E00C7133D /* IngredientMeasurement.swift */,
			);
			path = Models;
			sourceTree = "<group>";
		};
		1A1319022428542E00C7133D /* Views */ = {
			isa = PBXGroup;
			children = (
				1A36400324284FC900705673 /* ContentView.swift */,
				1AAE2961242874E100D696E8 /* RecipeView.swift */,
				1AAE29742429C7FB00D696E8 /* IngredientListView.swift */,
				1AAE296A2429B0EE00D696E8 /* DirectionListView.swift */,
				1AAE296C2429B10100D696E8 /* DirectionView.swift */,
				1AAE29632429345300D696E8 /* RecipeListView.swift */,
			);
			path = Views;
			sourceTree = "<group>";
		};
		1A1319032428543D00C7133D /* View Models */ = {
			isa = PBXGroup;
			children = (
				1AAE2966242942E000D696E8 /* RecipesListViewModel.swift */,
				1AAE296E2429B1FC00D696E8 /* DirectionViewModel.swift */,
				1AAE29762429CBDE00D696E8 /* IngredientViewModel.swift */,
			);
			path = "View Models";
			sourceTree = "<group>";
		};
		1A13190C2428660700C7133D /* Playgrounds */ = {
			isa = PBXGroup;
			children = (
			);
			path = Playgrounds;
			sourceTree = "<group>";
		};
		1A363FF024284FC900705673 = {
			isa = PBXGroup;
			children = (
				1A363FFB24284FC900705673 /* FamilyRecipes */,
				1A36401524284FCD00705673 /* FamilyRecipesTests */,
				1A36402024284FCD00705673 /* FamilyRecipesUITests */,
				1A363FFA24284FC900705673 /* Products */,
			);
			sourceTree = "<group>";
		};
		1A363FFA24284FC900705673 /* Products */ = {
			isa = PBXGroup;
			children = (
				1A363FF924284FC900705673 /* FamilyRecipes.app */,
				1A36401224284FCD00705673 /* FamilyRecipesTests.xctest */,
				1A36401D24284FCD00705673 /* FamilyRecipesUITests.xctest */,
			);
			name = Products;
			sourceTree = "<group>";
		};
		1A363FFB24284FC900705673 /* FamilyRecipes */ = {
			isa = PBXGroup;
			children = (
				1A13190C2428660700C7133D /* Playgrounds */,
				1A1319032428543D00C7133D /* View Models */,
				1A1319022428542E00C7133D /* Views */,
				1A1319012428541E00C7133D /* Models */,
				1A363FFC24284FC900705673 /* AppDelegate.swift */,
				1A363FFE24284FC900705673 /* SceneDelegate.swift */,
				1A36400524284FCC00705673 /* Assets.xcassets */,
				1A36400A24284FCC00705673 /* LaunchScreen.storyboard */,
				1A36400D24284FCC00705673 /* Info.plist */,
				1A36400024284FC900705673 /* FamilyRecipes.xcdatamodeld */,
				1A36400724284FCC00705673 /* Preview Content */,
			);
			path = FamilyRecipes;
			sourceTree = "<group>";
		};
		1A36400724284FCC00705673 /* Preview Content */ = {
			isa = PBXGroup;
			children = (
				1A36400824284FCC00705673 /* Preview Assets.xcassets */,
			);
			path = "Preview Content";
			sourceTree = "<group>";
		};
		1A36401524284FCD00705673 /* FamilyRecipesTests */ = {
			isa = PBXGroup;
			children = (
				1A36401624284FCD00705673 /* FamilyRecipesTests.swift */,
				1A36401824284FCD00705673 /* Info.plist */,
			);
			path = FamilyRecipesTests;
			sourceTree = "<group>";
		};
		1A36402024284FCD00705673 /* FamilyRecipesUITests */ = {
			isa = PBXGroup;
			children = (
				1A36402124284FCD00705673 /* FamilyRecipesUITests.swift */,
				1A36402324284FCD00705673 /* Info.plist */,
			);
			path = FamilyRecipesUITests;
			sourceTree = "<group>";
		};
/* End PBXGroup section */

/* Begin PBXNativeTarget section */
		1A363FF824284FC900705673 /* FamilyRecipes */ = {
			isa = PBXNativeTarget;
			buildConfigurationList = 1A36402624284FCD00705673 /* Build configuration list for PBXNativeTarget "FamilyRecipes" */;
			buildPhases = (
				1A363FF524284FC900705673 /* Sources */,
				1A363FF624284FC900705673 /* Frameworks */,
				1A363FF724284FC900705673 /* Resources */,
			);
			buildRules = (
			);
			dependencies = (
			);
			name = FamilyRecipes;
			productName = FamilyRecipes;
			productReference = 1A363FF924284FC900705673 /* FamilyRecipes.app */;
			productType = "com.apple.product-type.application";
		};
		1A36401124284FCD00705673 /* FamilyRecipesTests */ = {
			isa = PBXNativeTarget;
			buildConfigurationList = 1A36402924284FCD00705673 /* Build configuration list for PBXNativeTarget "FamilyRecipesTests" */;
			buildPhases = (
				1A36400E24284FCD00705673 /* Sources */,
				1A36400F24284FCD00705673 /* Frameworks */,
				1A36401024284FCD00705673 /* Resources */,
			);
			buildRules = (
			);
			dependencies = (
				1A36401424284FCD00705673 /* PBXTargetDependency */,
			);
			name = FamilyRecipesTests;
			productName = FamilyRecipesTests;
			productReference = 1A36401224284FCD00705673 /* FamilyRecipesTests.xctest */;
			productType = "com.apple.product-type.bundle.unit-test";
		};
		1A36401C24284FCD00705673 /* FamilyRecipesUITests */ = {
			isa = PBXNativeTarget;
			buildConfigurationList = 1A36402C24284FCD00705673 /* Build configuration list for PBXNativeTarget "FamilyRecipesUITests" */;
			buildPhases = (
				1A36401924284FCD00705673 /* Sources */,
				1A36401A24284FCD00705673 /* Frameworks */,
				1A36401B24284FCD00705673 /* Resources */,
			);
			buildRules = (
			);
			dependencies = (
				1A36401F24284FCD00705673 /* PBXTargetDependency */,
			);
			name = FamilyRecipesUITests;
			productName = FamilyRecipesUITests;
			productReference = 1A36401D24284FCD00705673 /* FamilyRecipesUITests.xctest */;
			productType = "com.apple.product-type.bundle.ui-testing";
		};
/* End PBXNativeTarget section */

/* Begin PBXProject section */
		1A363FF124284FC900705673 /* Project object */ = {
			isa = PBXProject;
			attributes = {
				LastSwiftUpdateCheck = 1130;
				LastUpgradeCheck = 1130;
				ORGANIZATIONNAME = "Ian Plunkett";
				TargetAttributes = {
					1A363FF824284FC900705673 = {
						CreatedOnToolsVersion = 11.3.1;
					};
					1A36401124284FCD00705673 = {
						CreatedOnToolsVersion = 11.3.1;
						TestTargetID = 1A363FF824284FC900705673;
					};
					1A36401C24284FCD00705673 = {
						CreatedOnToolsVersion = 11.3.1;
						TestTargetID = 1A363FF824284FC900705673;
					};
				};
			};
			buildConfigurationList = 1A363FF424284FC900705673 /* Build configuration list for PBXProject "FamilyRecipes" */;
			compatibilityVersion = "Xcode 9.3";
			developmentRegion = en;
			hasScannedForEncodings = 0;
			knownRegions = (
				en,
				Base,
			);
			mainGroup = 1A363FF024284FC900705673;
			productRefGroup = 1A363FFA24284FC900705673 /* Products */;
			projectDirPath = "";
			projectRoot = "";
			targets = (
				1A363FF824284FC900705673 /* FamilyRecipes */,
				1A36401124284FCD00705673 /* FamilyRecipesTests */,
				1A36401C24284FCD00705673 /* FamilyRecipesUITests */,
			);
		};
/* End PBXProject section */

/* Begin PBXResourcesBuildPhase section */
		1A363FF724284FC900705673 /* Resources */ = {
			isa = PBXResourcesBuildPhase;
			buildActionMask = 2147483647;
			files = (
				1A36400C24284FCC00705673 /* LaunchScreen.storyboard in Resources */,
				1A36400924284FCC00705673 /* Preview Assets.xcassets in Resources */,
				1A36400624284FCC00705673 /* Assets.xcassets in Resources */,
			);
			runOnlyForDeploymentPostprocessing = 0;
		};
		1A36401024284FCD00705673 /* Resources */ = {
			isa = PBXResourcesBuildPhase;
			buildActionMask = 2147483647;
			files = (
			);
			runOnlyForDeploymentPostprocessing = 0;
		};
		1A36401B24284FCD00705673 /* Resources */ = {
			isa = PBXResourcesBuildPhase;
			buildActionMask = 2147483647;
			files = (
			);
			runOnlyForDeploymentPostprocessing = 0;
		};
/* End PBXResourcesBuildPhase section */

/* Begin PBXSourcesBuildPhase section */
		1A363FF524284FC900705673 /* Sources */ = {
			isa = PBXSourcesBuildPhase;
			buildActionMask = 2147483647;
			files = (
				1AAE29772429CBDE00D696E8 /* IngredientViewModel.swift in Sources */,
				1AAE296F2429B1FC00D696E8 /* DirectionViewModel.swift in Sources */,
				1AAE296D2429B10100D696E8 /* DirectionView.swift in Sources */,
				1A1319092428584100C7133D /* Direction.swift in Sources */,
				1AAE29752429C7FB00D696E8 /* IngredientListView.swift in Sources */,
				1A13190F24286C9E00C7133D /* IngredientMeasurement.swift in Sources */,
				1A363FFD24284FC900705673 /* AppDelegate.swift in Sources */,
				1A36400224284FC900705673 /* FamilyRecipes.xcdatamodeld in Sources */,
				1AAE296B2429B0EE00D696E8 /* DirectionListView.swift in Sources */,
				1AAE29642429345300D696E8 /* RecipeListView.swift in Sources */,
				1AAE2962242874E100D696E8 /* RecipeView.swift in Sources */,
				1A1319072428562300C7133D /* Ingredient.swift in Sources */,
				1A36400424284FC900705673 /* ContentView.swift in Sources */,
				1AAE2967242942E000D696E8 /* RecipesListViewModel.swift in Sources */,
				1A13190B2428595900C7133D /* Unit.swift in Sources */,
				1A363FFF24284FC900705673 /* SceneDelegate.swift in Sources */,
				1A1319052428552900C7133D /* Recipe.swift in Sources */,
			);
			runOnlyForDeploymentPostprocessing = 0;
		};
		1A36400E24284FCD00705673 /* Sources */ = {
			isa = PBXSourcesBuildPhase;
			buildActionMask = 2147483647;
			files = (
				1A36401724284FCD00705673 /* FamilyRecipesTests.swift in Sources */,
			);
			runOnlyForDeploymentPostprocessing = 0;
		};
		1A36401924284FCD00705673 /* Sources */ = {
			isa = PBXSourcesBuildPhase;
			buildActionMask = 2147483647;
			files = (
				1A36402224284FCD00705673 /* FamilyRecipesUITests.swift in Sources */,
			);
			runOnlyForDeploymentPostprocessing = 0;
		};
/* End PBXSourcesBuildPhase section */

/* Begin PBXTargetDependency section */
		1A36401424284FCD00705673 /* PBXTargetDependency */ = {
			isa = PBXTargetDependency;
			target = 1A363FF824284FC900705673 /* FamilyRecipes */;
			targetProxy = 1A36401324284FCD00705673 /* PBXContainerItemProxy */;
		};
		1A36401F24284FCD00705673 /* PBXTargetDependency */ = {
			isa = PBXTargetDependency;
			target = 1A363FF824284FC900705673 /* FamilyRecipes */;
			targetProxy = 1A36401E24284FCD00705673 /* PBXContainerItemProxy */;
		};
/* End PBXTargetDependency section */

/* Begin PBXVariantGroup section */
		1A36400A24284FCC00705673 /* LaunchScreen.storyboard */ = {
			isa = PBXVariantGroup;
			children = (
				1A36400B24284FCC00705673 /* Base */,
			);
			name = LaunchScreen.storyboard;
			sourceTree = "<group>";
		};
/* End PBXVariantGroup section */

/* Begin XCBuildConfiguration section */
		1A36402424284FCD00705673 /* Debug */ = {
			isa = XCBuildConfiguration;
			buildSettings = {
				ALWAYS_SEARCH_USER_PATHS = NO;
				CLANG_ANALYZER_NONNULL = YES;
				CLANG_ANALYZER_NUMBER_OBJECT_CONVERSION = YES_AGGRESSIVE;
				CLANG_CXX_LANGUAGE_STANDARD = "gnu++14";
				CLANG_CXX_LIBRARY = "libc++";
				CLANG_ENABLE_MODULES = YES;
				CLANG_ENABLE_OBJC_ARC = YES;
				CLANG_ENABLE_OBJC_WEAK = YES;
				CLANG_WARN_BLOCK_CAPTURE_AUTORELEASING = YES;
				CLANG_WARN_BOOL_CONVERSION = YES;
				CLANG_WARN_COMMA = YES;
				CLANG_WARN_CONSTANT_CONVERSION = YES;
				CLANG_WARN_DEPRECATED_OBJC_IMPLEMENTATIONS = YES;
				CLANG_WARN_DIRECT_OBJC_ISA_USAGE = YES_ERROR;
				CLANG_WARN_DOCUMENTATION_COMMENTS = YES;
				CLANG_WARN_EMPTY_BODY = YES;
				CLANG_WARN_ENUM_CONVERSION = YES;
				CLANG_WARN_INFINITE_RECURSION = YES;
				CLANG_WARN_INT_CONVERSION = YES;
				CLANG_WARN_NON_LITERAL_NULL_CONVERSION = YES;
				CLANG_WARN_OBJC_IMPLICIT_RETAIN_SELF = YES;
				CLANG_WARN_OBJC_LITERAL_CONVERSION = YES;
				CLANG_WARN_OBJC_ROOT_CLASS = YES_ERROR;
				CLANG_WARN_RANGE_LOOP_ANALYSIS = YES;
				CLANG_WARN_STRICT_PROTOTYPES = YES;
				CLANG_WARN_SUSPICIOUS_MOVE = YES;
				CLANG_WARN_UNGUARDED_AVAILABILITY = YES_AGGRESSIVE;
				CLANG_WARN_UNREACHABLE_CODE = YES;
				CLANG_WARN__DUPLICATE_METHOD_MATCH = YES;
				COPY_PHASE_STRIP = NO;
				DEBUG_INFORMATION_FORMAT = dwarf;
				ENABLE_STRICT_OBJC_MSGSEND = YES;
				ENABLE_TESTABILITY = YES;
				GCC_C_LANGUAGE_STANDARD = gnu11;
				GCC_DYNAMIC_NO_PIC = NO;
				GCC_NO_COMMON_BLOCKS = YES;
				GCC_OPTIMIZATION_LEVEL = 0;
				GCC_PREPROCESSOR_DEFINITIONS = (
					"DEBUG=1",
					"$(inherited)",
				);
				GCC_WARN_64_TO_32_BIT_CONVERSION = YES;
				GCC_WARN_ABOUT_RETURN_TYPE = YES_ERROR;
				GCC_WARN_UNDECLARED_SELECTOR = YES;
				GCC_WARN_UNINITIALIZED_AUTOS = YES_AGGRESSIVE;
				GCC_WARN_UNUSED_FUNCTION = YES;
				GCC_WARN_UNUSED_VARIABLE = YES;
				IPHONEOS_DEPLOYMENT_TARGET = 13.2;
				MTL_ENABLE_DEBUG_INFO = INCLUDE_SOURCE;
				MTL_FAST_MATH = YES;
				ONLY_ACTIVE_ARCH = YES;
				SDKROOT = iphoneos;
				SWIFT_ACTIVE_COMPILATION_CONDITIONS = DEBUG;
				SWIFT_OPTIMIZATION_LEVEL = "-Onone";
			};
			name = Debug;
		};
		1A36402524284FCD00705673 /* Release */ = {
			isa = XCBuildConfiguration;
			buildSettings = {
				ALWAYS_SEARCH_USER_PATHS = NO;
				CLANG_ANALYZER_NONNULL = YES;
				CLANG_ANALYZER_NUMBER_OBJECT_CONVERSION = YES_AGGRESSIVE;
				CLANG_CXX_LANGUAGE_STANDARD = "gnu++14";
				CLANG_CXX_LIBRARY = "libc++";
				CLANG_ENABLE_MODULES = YES;
				CLANG_ENABLE_OBJC_ARC = YES;
				CLANG_ENABLE_OBJC_WEAK = YES;
				CLANG_WARN_BLOCK_CAPTURE_AUTORELEASING = YES;
				CLANG_WARN_BOOL_CONVERSION = YES;
				CLANG_WARN_COMMA = YES;
				CLANG_WARN_CONSTANT_CONVERSION = YES;
				CLANG_WARN_DEPRECATED_OBJC_IMPLEMENTATIONS = YES;
				CLANG_WARN_DIRECT_OBJC_ISA_USAGE = YES_ERROR;
				CLANG_WARN_DOCUMENTATION_COMMENTS = YES;
				CLANG_WARN_EMPTY_BODY = YES;
				CLANG_WARN_ENUM_CONVERSION = YES;
				CLANG_WARN_INFINITE_RECURSION = YES;
				CLANG_WARN_INT_CONVERSION = YES;
				CLANG_WARN_NON_LITERAL_NULL_CONVERSION = YES;
				CLANG_WARN_OBJC_IMPLICIT_RETAIN_SELF = YES;
				CLANG_WARN_OBJC_LITERAL_CONVERSION = YES;
				CLANG_WARN_OBJC_ROOT_CLASS = YES_ERROR;
				CLANG_WARN_RANGE_LOOP_ANALYSIS = YES;
				CLANG_WARN_STRICT_PROTOTYPES = YES;
				CLANG_WARN_SUSPICIOUS_MOVE = YES;
				CLANG_WARN_UNGUARDED_AVAILABILITY = YES_AGGRESSIVE;
				CLANG_WARN_UNREACHABLE_CODE = YES;
				CLANG_WARN__DUPLICATE_METHOD_MATCH = YES;
				COPY_PHASE_STRIP = NO;
				DEBUG_INFORMATION_FORMAT = "dwarf-with-dsym";
				ENABLE_NS_ASSERTIONS = NO;
				ENABLE_STRICT_OBJC_MSGSEND = YES;
				GCC_C_LANGUAGE_STANDARD = gnu11;
				GCC_NO_COMMON_BLOCKS = YES;
				GCC_WARN_64_TO_32_BIT_CONVERSION = YES;
				GCC_WARN_ABOUT_RETURN_TYPE = YES_ERROR;
				GCC_WARN_UNDECLARED_SELECTOR = YES;
				GCC_WARN_UNINITIALIZED_AUTOS = YES_AGGRESSIVE;
				GCC_WARN_UNUSED_FUNCTION = YES;
				GCC_WARN_UNUSED_VARIABLE = YES;
				IPHONEOS_DEPLOYMENT_TARGET = 13.2;
				MTL_ENABLE_DEBUG_INFO = NO;
				MTL_FAST_MATH = YES;
				SDKROOT = iphoneos;
				SWIFT_COMPILATION_MODE = wholemodule;
				SWIFT_OPTIMIZATION_LEVEL = "-O";
				VALIDATE_PRODUCT = YES;
			};
			name = Release;
		};
		1A36402724284FCD00705673 /* Debug */ = {
			isa = XCBuildConfiguration;
			buildSettings = {
				ASSETCATALOG_COMPILER_APPICON_NAME = AppIcon;
				CODE_SIGN_STYLE = Automatic;
				DEVELOPMENT_ASSET_PATHS = "\"FamilyRecipes/Preview Content\"";
				DEVELOPMENT_TEAM = A77U9SBNYH;
				ENABLE_PREVIEWS = YES;
				INFOPLIST_FILE = FamilyRecipes/Info.plist;
				LD_RUNPATH_SEARCH_PATHS = (
					"$(inherited)",
					"@executable_path/Frameworks",
				);
				PRODUCT_BUNDLE_IDENTIFIER = com.ianplunkett.FamilyRecipes;
				PRODUCT_NAME = "$(TARGET_NAME)";
				SWIFT_VERSION = 5.0;
				TARGETED_DEVICE_FAMILY = "1,2";
			};
			name = Debug;
		};
		1A36402824284FCD00705673 /* Release */ = {
			isa = XCBuildConfiguration;
			buildSettings = {
				ASSETCATALOG_COMPILER_APPICON_NAME = AppIcon;
				CODE_SIGN_STYLE = Automatic;
				DEVELOPMENT_ASSET_PATHS = "\"FamilyRecipes/Preview Content\"";
				DEVELOPMENT_TEAM = A77U9SBNYH;
				ENABLE_PREVIEWS = YES;
				INFOPLIST_FILE = FamilyRecipes/Info.plist;
				LD_RUNPATH_SEARCH_PATHS = (
					"$(inherited)",
					"@executable_path/Frameworks",
				);
				PRODUCT_BUNDLE_IDENTIFIER = com.ianplunkett.FamilyRecipes;
				PRODUCT_NAME = "$(TARGET_NAME)";
				SWIFT_VERSION = 5.0;
				TARGETED_DEVICE_FAMILY = "1,2";
			};
			name = Release;
		};
		1A36402A24284FCD00705673 /* Debug */ = {
			isa = XCBuildConfiguration;
			buildSettings = {
				ALWAYS_EMBED_SWIFT_STANDARD_LIBRARIES = YES;
				BUNDLE_LOADER = "$(TEST_HOST)";
				CODE_SIGN_STYLE = Automatic;
				DEVELOPMENT_TEAM = 55ZJ2R97XV;
				INFOPLIST_FILE = FamilyRecipesTests/Info.plist;
				IPHONEOS_DEPLOYMENT_TARGET = 13.2;
				LD_RUNPATH_SEARCH_PATHS = (
					"$(inherited)",
					"@executable_path/Frameworks",
					"@loader_path/Frameworks",
				);
				PRODUCT_BUNDLE_IDENTIFIER = com.ianplunkett.FamilyRecipesTests;
				PRODUCT_NAME = "$(TARGET_NAME)";
				SWIFT_VERSION = 5.0;
				TARGETED_DEVICE_FAMILY = "1,2";
				TEST_HOST = "$(BUILT_PRODUCTS_DIR)/FamilyRecipes.app/FamilyRecipes";
			};
			name = Debug;
		};
		1A36402B24284FCD00705673 /* Release */ = {
			isa = XCBuildConfiguration;
			buildSettings = {
				ALWAYS_EMBED_SWIFT_STANDARD_LIBRARIES = YES;
				BUNDLE_LOADER = "$(TEST_HOST)";
				CODE_SIGN_STYLE = Automatic;
				DEVELOPMENT_TEAM = 55ZJ2R97XV;
				INFOPLIST_FILE = FamilyRecipesTests/Info.plist;
				IPHONEOS_DEPLOYMENT_TARGET = 13.2;
				LD_RUNPATH_SEARCH_PATHS = (
					"$(inherited)",
					"@executable_path/Frameworks",
					"@loader_path/Frameworks",
				);
				PRODUCT_BUNDLE_IDENTIFIER = com.ianplunkett.FamilyRecipesTests;
				PRODUCT_NAME = "$(TARGET_NAME)";
				SWIFT_VERSION = 5.0;
				TARGETED_DEVICE_FAMILY = "1,2";
				TEST_HOST = "$(BUILT_PRODUCTS_DIR)/FamilyRecipes.app/FamilyRecipes";
			};
			name = Release;
		};
		1A36402D24284FCD00705673 /* Debug */ = {
			isa = XCBuildConfiguration;
			buildSettings = {
				ALWAYS_EMBED_SWIFT_STANDARD_LIBRARIES = YES;
				CODE_SIGN_STYLE = Automatic;
				DEVELOPMENT_TEAM = 55ZJ2R97XV;
				INFOPLIST_FILE = FamilyRecipesUITests/Info.plist;
				LD_RUNPATH_SEARCH_PATHS = (
					"$(inherited)",
					"@executable_path/Frameworks",
					"@loader_path/Frameworks",
				);
				PRODUCT_BUNDLE_IDENTIFIER = com.ianplunkett.FamilyRecipesUITests;
				PRODUCT_NAME = "$(TARGET_NAME)";
				SWIFT_VERSION = 5.0;
				TARGETED_DEVICE_FAMILY = "1,2";
				TEST_TARGET_NAME = FamilyRecipes;
			};
			name = Debug;
		};
		1A36402E24284FCD00705673 /* Release */ = {
			isa = XCBuildConfiguration;
			buildSettings = {
				ALWAYS_EMBED_SWIFT_STANDARD_LIBRARIES = YES;
				CODE_SIGN_STYLE = Automatic;
				DEVELOPMENT_TEAM = 55ZJ2R97XV;
				INFOPLIST_FILE = FamilyRecipesUITests/Info.plist;
				LD_RUNPATH_SEARCH_PATHS = (
					"$(inherited)",
					"@executable_path/Frameworks",
					"@loader_path/Frameworks",
				);
				PRODUCT_BUNDLE_IDENTIFIER = com.ianplunkett.FamilyRecipesUITests;
				PRODUCT_NAME = "$(TARGET_NAME)";
				SWIFT_VERSION = 5.0;
				TARGETED_DEVICE_FAMILY = "1,2";
				TEST_TARGET_NAME = FamilyRecipes;
			};
			name = Release;
		};
/* End XCBuildConfiguration section */

/* Begin XCConfigurationList section */
		1A363FF424284FC900705673 /* Build configuration list for PBXProject "FamilyRecipes" */ = {
			isa = XCConfigurationList;
			buildConfigurations = (
				1A36402424284FCD00705673 /* Debug */,
				1A36402524284FCD00705673 /* Release */,
			);
			defaultConfigurationIsVisible = 0;
			defaultConfigurationName = Release;
		};
		1A36402624284FCD00705673 /* Build configuration list for PBXNativeTarget "FamilyRecipes" */ = {
			isa = XCConfigurationList;
			buildConfigurations = (
				1A36402724284FCD00705673 /* Debug */,
				1A36402824284FCD00705673 /* Release */,
			);
			defaultConfigurationIsVisible = 0;
			defaultConfigurationName = Release;
		};
		1A36402924284FCD00705673 /* Build configuration list for PBXNativeTarget "FamilyRecipesTests" */ = {
			isa = XCConfigurationList;
			buildConfigurations = (
				1A36402A24284FCD00705673 /* Debug */,
				1A36402B24284FCD00705673 /* Release */,
			);
			defaultConfigurationIsVisible = 0;
			defaultConfigurationName = Release;
		};
		1A36402C24284FCD00705673 /* Build configuration list for PBXNativeTarget "FamilyRecipesUITests" */ = {
			isa = XCConfigurationList;
			buildConfigurations = (
				1A36402D24284FCD00705673 /* Debug */,
				1A36402E24284FCD00705673 /* Release */,
			);
			defaultConfigurationIsVisible = 0;
			defaultConfigurationName = Release;
		};
/* End XCConfigurationList section */

/* Begin XCVersionGroup section */
		1A36400024284FC900705673 /* FamilyRecipes.xcdatamodeld */ = {
			isa = XCVersionGroup;
			children = (
				1A36400124284FC900705673 /* FamilyRecipes.xcdatamodel */,
			);
			currentVersion = 1A36400124284FC900705673 /* FamilyRecipes.xcdatamodel */;
			path = FamilyRecipes.xcdatamodeld;
			sourceTree = "<group>";
			versionGroupType = wrapper.xcdatamodel;
		};
/* End XCVersionGroup section */
	};
	rootObject = 1A363FF124284FC900705673 /* Project object */;
}
