{
  "object": {
    "pins": [
      {
        "package": "ViewInspector",
        "repositoryURL": "https://github.com/nalexn/ViewInspector",
        "state": {
          "branch": null,
          "revision": "a383b295c9ad58af9b7f8d2f3a80bc24e519f461",
          "version": "0.3.10"
        }
      }
    ]
  },
  "version": 1
}
